
Microsoft Visual Studio Solution File, Format Version 12.00
# Visual Studio Version 17
VisualStudioVersion = 17.3.32804.467
MinimumVisualStudioVersion = 10.0.40219.1
Project("{FAE04EC0-301F-11D3-BF4B-00C04F79EFBC}") = "SunCore.Ultralight.MCLauncher", "SunCore.Ultralight.MCLauncher\SunCore.Ultralight.MCLauncher.csproj", "{0B7D909F-9F31-4E8C-92AF-8C89D96C3E9D}"
EndProject
Global
	GlobalSection(SolutionConfigurationPlatforms) = preSolution
		Debug|Any CPU = Debug|Any CPU
		Release|Any CPU = Release|Any CPU
	EndGlobalSection
	GlobalSection(ProjectConfigurationPlatforms) = postSolution
		{0B7D909F-9F31-4E8C-92AF-8C89D96C3E9D}.Debug|Any CPU.ActiveCfg = Debug|Any CPU
		{0B7D909F-9F31-4E8C-92AF-8C89D96C3E9D}.Debug|Any CPU.Build.0 = Debug|Any CPU
		{0B7D909F-9F31-4E8C-92AF-8C89D96C3E9D}.Release|Any CPU.ActiveCfg = Release|Any CPU
		{0B7D909F-9F31-4E8C-92AF-8C89D96C3E9D}.Release|Any CPU.Build.0 = Release|Any CPU
	EndGlobalSection
	GlobalSection(SolutionProperties) = preSolution
		HideSolutionNode = FALSE
	EndGlobalSection
	GlobalSection(ExtensibilityGlobals) = postSolution
		SolutionGuid = {6B070953-4F88-491C-AD34-59E218A94687}
	EndGlobalSection
EndGlobal
